
Microsoft Visual Studio Solution File, Format Version 12.00
# Visual Studio 15
VisualStudioVersion = 15.0.26403.7
MinimumVisualStudioVersion = 10.0.40219.1
Project("{FAE04EC0-301F-11D3-BF4B-00C04F79EFBC}") = "Asistomatica", "Asistomatica\Asistomatica.csproj", "{DB995D68-0D36-47E7-B1F2-F4C4DEFDC96A}"
EndProject
Project("{FAE04EC0-301F-11D3-BF4B-00C04F79EFBC}") = "Logica", "Logica\Logica.csproj", "{6BEEA494-B3D3-40D5-A9F3-59EA131C1CBB}"
EndProject
Project("{FAE04EC0-301F-11D3-BF4B-00C04F79EFBC}") = "Controlador", "Controlador\Controlador.csproj", "{81BA42C5-C590-4DBA-AAB3-5254D92DD924}"
EndProject
Global
	GlobalSection(SolutionConfigurationPlatforms) = preSolution
		Debug|Any CPU = Debug|Any CPU
		Release|Any CPU = Release|Any CPU
	EndGlobalSection
	GlobalSection(ProjectConfigurationPlatforms) = postSolution
		{DB995D68-0D36-47E7-B1F2-F4C4DEFDC96A}.Debug|Any CPU.ActiveCfg = Debug|Any CPU
		{DB995D68-0D36-47E7-B1F2-F4C4DEFDC96A}.Debug|Any CPU.Build.0 = Debug|Any CPU
		{DB995D68-0D36-47E7-B1F2-F4C4DEFDC96A}.Release|Any CPU.ActiveCfg = Release|Any CPU
		{DB995D68-0D36-47E7-B1F2-F4C4DEFDC96A}.Release|Any CPU.Build.0 = Release|Any CPU
		{6BEEA494-B3D3-40D5-A9F3-59EA131C1CBB}.Debug|Any CPU.ActiveCfg = Debug|Any CPU
		{6BEEA494-B3D3-40D5-A9F3-59EA131C1CBB}.Debug|Any CPU.Build.0 = Debug|Any CPU
		{6BEEA494-B3D3-40D5-A9F3-59EA131C1CBB}.Release|Any CPU.ActiveCfg = Release|Any CPU
		{6BEEA494-B3D3-40D5-A9F3-59EA131C1CBB}.Release|Any CPU.Build.0 = Release|Any CPU
		{81BA42C5-C590-4DBA-AAB3-5254D92DD924}.Debug|Any CPU.ActiveCfg = Debug|Any CPU
		{81BA42C5-C590-4DBA-AAB3-5254D92DD924}.Debug|Any CPU.Build.0 = Debug|Any CPU
		{81BA42C5-C590-4DBA-AAB3-5254D92DD924}.Release|Any CPU.ActiveCfg = Release|Any CPU
		{81BA42C5-C590-4DBA-AAB3-5254D92DD924}.Release|Any CPU.Build.0 = Release|Any CPU
	EndGlobalSection
	GlobalSection(SolutionProperties) = preSolution
		HideSolutionNode = FALSE
	EndGlobalSection
EndGlobal
